# This file is automatically @generated by Cargo.
# It is not intended for manual editing.
version = 4

[[package]]
name = "firmware"
version = "0.1.0"
dependencies = [
 "panel-backend",
 "render",
]

[[package]]
name = "panel-backend"
version = "0.1.0"
dependencies = [
 "render",
]

[[package]]
name = "render"
version = "0.1.0"
dependencies = [
 "screen-spec",
]

[[package]]
name = "screen-spec"
version = "0.1.0"

[[package]]
name = "server"
version = "0.1.0"
dependencies = [
 "screen-spec",
]

[[package]]
name = "web-preview"
version = "0.1.0"
dependencies = [
 "render",
]
